
Microsoft Visual Studio Solution File, Format Version 12.00
# Visual Studio 15
VisualStudioVersion = 15.0.28307.489
MinimumVisualStudioVersion = 10.0.40219.1
Project("{FAE04EC0-301F-11D3-BF4B-00C04F79EFBC}") = "stu201831980117", "stu201831980117\stu201831980117.csproj", "{DA2B3E90-E4FA-4309-A98D-8BFD124A507F}"
EndProject
Global
	GlobalSection(SolutionConfigurationPlatforms) = preSolution
		Debug|Any CPU = Debug|Any CPU
		Release|Any CPU = Release|Any CPU
	EndGlobalSection
	GlobalSection(ProjectConfigurationPlatforms) = postSolution
		{DA2B3E90-E4FA-4309-A98D-8BFD124A507F}.Debug|Any CPU.ActiveCfg = Debug|Any CPU
		{DA2B3E90-E4FA-4309-A98D-8BFD124A507F}.Debug|Any CPU.Build.0 = Debug|Any CPU
		{DA2B3E90-E4FA-4309-A98D-8BFD124A507F}.Release|Any CPU.ActiveCfg = Release|Any CPU
		{DA2B3E90-E4FA-4309-A98D-8BFD124A507F}.Release|Any CPU.Build.0 = Release|Any CPU
	EndGlobalSection
	GlobalSection(SolutionProperties) = preSolution
		HideSolutionNode = FALSE
	EndGlobalSection
	GlobalSection(ExtensibilityGlobals) = postSolution
		SolutionGuid = {3C627283-6922-4A09-A162-EFA4B70CD697}
	EndGlobalSection
EndGlobal
